
Microsoft Visual Studio Solution File, Format Version 11.00
# Visual C# Express 2010
Project("{FAE04EC0-301F-11D3-BF4B-00C04F79EFBC}") = "KntLibrary.SQLServerDAO", "KntLibrary.SQLServerDAO\KntLibrary.SQLServerDAO.csproj", "{3CA2AD7F-11D9-40B2-9363-9DDA16337F36}"
EndProject
Project("{FAE04EC0-301F-11D3-BF4B-00C04F79EFBC}") = "KntLibrary.SQLServerDAO.UnitTest", "KntLibrary.SQLServerDAO.UnitTest\KntLibrary.SQLServerDAO.UnitTest.csproj", "{1DAF08CA-2508-4EFB-BA04-85922517A013}"
EndProject
Global
	GlobalSection(SolutionConfigurationPlatforms) = preSolution
		Debug|Any CPU = Debug|Any CPU
		Release|Any CPU = Release|Any CPU
	EndGlobalSection
	GlobalSection(ProjectConfigurationPlatforms) = postSolution
		{3CA2AD7F-11D9-40B2-9363-9DDA16337F36}.Debug|Any CPU.ActiveCfg = Debug|Any CPU
		{3CA2AD7F-11D9-40B2-9363-9DDA16337F36}.Debug|Any CPU.Build.0 = Debug|Any CPU
		{3CA2AD7F-11D9-40B2-9363-9DDA16337F36}.Release|Any CPU.ActiveCfg = Release|Any CPU
		{3CA2AD7F-11D9-40B2-9363-9DDA16337F36}.Release|Any CPU.Build.0 = Release|Any CPU
		{1DAF08CA-2508-4EFB-BA04-85922517A013}.Debug|Any CPU.ActiveCfg = Debug|Any CPU
		{1DAF08CA-2508-4EFB-BA04-85922517A013}.Debug|Any CPU.Build.0 = Debug|Any CPU
		{1DAF08CA-2508-4EFB-BA04-85922517A013}.Release|Any CPU.ActiveCfg = Release|Any CPU
		{1DAF08CA-2508-4EFB-BA04-85922517A013}.Release|Any CPU.Build.0 = Release|Any CPU
	EndGlobalSection
	GlobalSection(SolutionProperties) = preSolution
		HideSolutionNode = FALSE
	EndGlobalSection
EndGlobal
